// !$*UTF8*$!
{
	archiveVersion = 1;
	classes = {
	};
	objectVersion = 55;
	objects = {

/* Begin PBXBuildFile section */
		1987D527F1B87646565C46C7 /* Pods_twitter.framework in Frameworks */ = {isa = PBXBuildFile; fileRef = AF98F7976204789E5CE9DCCD /* Pods_twitter.framework */; };
		790027E328590B3300D66207 /* Components.swift in Sources */ = {isa = PBXBuildFile; fileRef = 790027E228590B3300D66207 /* Components.swift */; };
		7902B4B32874E72C00C6862C /* Tweet.swift in Sources */ = {isa = PBXBuildFile; fileRef = 7902B4B22874E72C00C6862C /* Tweet.swift */; };
		7902B4B52874E7EC00C6862C /* TweetService.swift in Sources */ = {isa = PBXBuildFile; fileRef = 7902B4B42874E7EC00C6862C /* TweetService.swift */; };
		7909468A287F142200501FA7 /* ProfileController.swift in Sources */ = {isa = PBXBuildFile; fileRef = 79094689287F142200501FA7 /* ProfileController.swift */; };
		7909468C287F2F5600501FA7 /* TweetController.swift in Sources */ = {isa = PBXBuildFile; fileRef = 7909468B287F2F5600501FA7 /* TweetController.swift */; };
		791F718F2863DBCB004BBB66 /* GoogleService-Info.plist in Resources */ = {isa = PBXBuildFile; fileRef = 791F718E2863DBCB004BBB66 /* GoogleService-Info.plist */; };
		7934B09A286F4A0E008C1D0D /* UploadTweetController.swift in Sources */ = {isa = PBXBuildFile; fileRef = 7934B099286F4A0E008C1D0D /* UploadTweetController.swift */; };
		793A1C4F28429E3400E67585 /* MainTabBarController.swift in Sources */ = {isa = PBXBuildFile; fileRef = 793A1C4E28429E3400E67585 /* MainTabBarController.swift */; };
		7943C15C284ECF3B006A07C1 /* Extensions.swift in Sources */ = {isa = PBXBuildFile; fileRef = 7943C15B284ECF3B006A07C1 /* Extensions.swift */; };
		794817C128764E4600FEBF9A /* TweetCell.swift in Sources */ = {isa = PBXBuildFile; fileRef = 794817C028764E4600FEBF9A /* TweetCell.swift */; };
		79639FF7286534D3007DE191 /* Constants.swift in Sources */ = {isa = PBXBuildFile; fileRef = 79639FF6286534D3007DE191 /* Constants.swift */; };
		79683BF928512DBB00913421 /* LoginController.swift in Sources */ = {isa = PBXBuildFile; fileRef = 79683BF828512DBB00913421 /* LoginController.swift */; };
		79683BFB28512EE900913421 /* SignupController.swift in Sources */ = {isa = PBXBuildFile; fileRef = 79683BFA28512EE900913421 /* SignupController.swift */; };
		796F288F286A72B400F63B47 /* User.swift in Sources */ = {isa = PBXBuildFile; fileRef = 796F288E286A72B400F63B47 /* User.swift */; };
		7973765C28483F720047B0FA /* FeedController.swift in Sources */ = {isa = PBXBuildFile; fileRef = 7973765B28483F720047B0FA /* FeedController.swift */; };
		7973765E284840270047B0FA /* ExploreController.swift in Sources */ = {isa = PBXBuildFile; fileRef = 7973765D284840270047B0FA /* ExploreController.swift */; };
		79737660284840540047B0FA /* NotificationController.swift in Sources */ = {isa = PBXBuildFile; fileRef = 7973765F284840540047B0FA /* NotificationController.swift */; };
		79737662284840710047B0FA /* ConversationsController.swift in Sources */ = {isa = PBXBuildFile; fileRef = 79737661284840710047B0FA /* ConversationsController.swift */; };
		79E640802857ED74004F569C /* Protocols.swift in Sources */ = {isa = PBXBuildFile; fileRef = 79E6407F2857ED74004F569C /* Protocols.swift */; };
		79E719B5287CE8AF002838B4 /* TweetViewModel.swift in Sources */ = {isa = PBXBuildFile; fileRef = 79E719B4287CE8AF002838B4 /* TweetViewModel.swift */; };
		79E744182840541C0029C0E2 /* AppDelegate.swift in Sources */ = {isa = PBXBuildFile; fileRef = 79E744172840541C0029C0E2 /* AppDelegate.swift */; };
		79E744212840541E0029C0E2 /* Assets.xcassets in Resources */ = {isa = PBXBuildFile; fileRef = 79E744202840541E0029C0E2 /* Assets.xcassets */; };
		79E744242840541E0029C0E2 /* LaunchScreen.storyboard in Resources */ = {isa = PBXBuildFile; fileRef = 79E744222840541E0029C0E2 /* LaunchScreen.storyboard */; };
		79F3F58328660B5400EB7C5D /* AuthServices.swift in Sources */ = {isa = PBXBuildFile; fileRef = 79F3F58228660B5400EB7C5D /* AuthServices.swift */; };
		79F5AD732867DFB2000CD804 /* UserService.swift in Sources */ = {isa = PBXBuildFile; fileRef = 79F5AD722867DFB2000CD804 /* UserService.swift */; };
/* End PBXBuildFile section */

/* Begin PBXFileReference section */
		738E37B8F90C968D506C9C17 /* Pods-twitter.release.xcconfig */ = {isa = PBXFileReference; includeInIndex = 1; lastKnownFileType = text.xcconfig; name = "Pods-twitter.release.xcconfig"; path = "Target Support Files/Pods-twitter/Pods-twitter.release.xcconfig"; sourceTree = "<group>"; };
		790027E228590B3300D66207 /* Components.swift */ = {isa = PBXFileReference; lastKnownFileType = sourcecode.swift; path = Components.swift; sourceTree = "<group>"; };
		7902B4B22874E72C00C6862C /* Tweet.swift */ = {isa = PBXFileReference; lastKnownFileType = sourcecode.swift; path = Tweet.swift; sourceTree = "<group>"; };
		7902B4B42874E7EC00C6862C /* TweetService.swift */ = {isa = PBXFileReference; lastKnownFileType = sourcecode.swift; path = TweetService.swift; sourceTree = "<group>"; };
		79094689287F142200501FA7 /* ProfileController.swift */ = {isa = PBXFileReference; lastKnownFileType = sourcecode.swift; path = ProfileController.swift; sourceTree = "<group>"; };
		7909468B287F2F5600501FA7 /* TweetController.swift */ = {isa = PBXFileReference; lastKnownFileType = sourcecode.swift; path = TweetController.swift; sourceTree = "<group>"; };
		791F718E2863DBCB004BBB66 /* GoogleService-Info.plist */ = {isa = PBXFileReference; fileEncoding = 4; lastKnownFileType = text.plist.xml; path = "GoogleService-Info.plist"; sourceTree = "<group>"; };
		7934B099286F4A0E008C1D0D /* UploadTweetController.swift */ = {isa = PBXFileReference; lastKnownFileType = sourcecode.swift; path = UploadTweetController.swift; sourceTree = "<group>"; };
		793A1C4E28429E3400E67585 /* MainTabBarController.swift */ = {isa = PBXFileReference; lastKnownFileType = sourcecode.swift; path = MainTabBarController.swift; sourceTree = "<group>"; };
		7943C15B284ECF3B006A07C1 /* Extensions.swift */ = {isa = PBXFileReference; lastKnownFileType = sourcecode.swift; path = Extensions.swift; sourceTree = "<group>"; };
		794817C028764E4600FEBF9A /* TweetCell.swift */ = {isa = PBXFileReference; lastKnownFileType = sourcecode.swift; path = TweetCell.swift; sourceTree = "<group>"; };
		79639FF6286534D3007DE191 /* Constants.swift */ = {isa = PBXFileReference; lastKnownFileType = sourcecode.swift; path = Constants.swift; sourceTree = "<group>"; };
		79683BF828512DBB00913421 /* LoginController.swift */ = {isa = PBXFileReference; lastKnownFileType = sourcecode.swift; path = LoginController.swift; sourceTree = "<group>"; };
		79683BFA28512EE900913421 /* SignupController.swift */ = {isa = PBXFileReference; lastKnownFileType = sourcecode.swift; path = SignupController.swift; sourceTree = "<group>"; };
		796F288E286A72B400F63B47 /* User.swift */ = {isa = PBXFileReference; lastKnownFileType = sourcecode.swift; path = User.swift; sourceTree = "<group>"; };
		7973765B28483F720047B0FA /* FeedController.swift */ = {isa = PBXFileReference; lastKnownFileType = sourcecode.swift; path = FeedController.swift; sourceTree = "<group>"; };
		7973765D284840270047B0FA /* ExploreController.swift */ = {isa = PBXFileReference; lastKnownFileType = sourcecode.swift; path = ExploreController.swift; sourceTree = "<group>"; };
		7973765F284840540047B0FA /* NotificationController.swift */ = {isa = PBXFileReference; lastKnownFileType = sourcecode.swift; path = NotificationController.swift; sourceTree = "<group>"; };
		79737661284840710047B0FA /* ConversationsController.swift */ = {isa = PBXFileReference; lastKnownFileType = sourcecode.swift; path = ConversationsController.swift; sourceTree = "<group>"; };
		79E6407F2857ED74004F569C /* Protocols.swift */ = {isa = PBXFileReference; lastKnownFileType = sourcecode.swift; path = Protocols.swift; sourceTree = "<group>"; };
		79E719B4287CE8AF002838B4 /* TweetViewModel.swift */ = {isa = PBXFileReference; lastKnownFileType = sourcecode.swift; path = TweetViewModel.swift; sourceTree = "<group>"; };
		79E744142840541C0029C0E2 /* twitter.app */ = {isa = PBXFileReference; explicitFileType = wrapper.application; includeInIndex = 0; path = twitter.app; sourceTree = BUILT_PRODUCTS_DIR; };
		79E744172840541C0029C0E2 /* AppDelegate.swift */ = {isa = PBXFileReference; lastKnownFileType = sourcecode.swift; path = AppDelegate.swift; sourceTree = "<group>"; };
		79E744202840541E0029C0E2 /* Assets.xcassets */ = {isa = PBXFileReference; lastKnownFileType = folder.assetcatalog; path = Assets.xcassets; sourceTree = "<group>"; };
		79E744232840541E0029C0E2 /* Base */ = {isa = PBXFileReference; lastKnownFileType = file.storyboard; name = Base; path = Base.lproj/LaunchScreen.storyboard; sourceTree = "<group>"; };
		79E744252840541E0029C0E2 /* Info.plist */ = {isa = PBXFileReference; lastKnownFileType = text.plist.xml; path = Info.plist; sourceTree = "<group>"; };
		79F3F58228660B5400EB7C5D /* AuthServices.swift */ = {isa = PBXFileReference; lastKnownFileType = sourcecode.swift; path = AuthServices.swift; sourceTree = "<group>"; };
		79F5AD722867DFB2000CD804 /* UserService.swift */ = {isa = PBXFileReference; lastKnownFileType = sourcecode.swift; path = UserService.swift; sourceTree = "<group>"; };
		AF98F7976204789E5CE9DCCD /* Pods_twitter.framework */ = {isa = PBXFileReference; explicitFileType = wrapper.framework; includeInIndex = 0; path = Pods_twitter.framework; sourceTree = BUILT_PRODUCTS_DIR; };
		FD4EE079D093522EDB49B03E /* Pods-twitter.debug.xcconfig */ = {isa = PBXFileReference; includeInIndex = 1; lastKnownFileType = text.xcconfig; name = "Pods-twitter.debug.xcconfig"; path = "Target Support Files/Pods-twitter/Pods-twitter.debug.xcconfig"; sourceTree = "<group>"; };
/* End PBXFileReference section */

/* Begin PBXFrameworksBuildPhase section */
		79E744112840541C0029C0E2 /* Frameworks */ = {
			isa = PBXFrameworksBuildPhase;
			buildActionMask = 2147483647;
			files = (
				1987D527F1B87646565C46C7 /* Pods_twitter.framework in Frameworks */,
			);
			runOnlyForDeploymentPostprocessing = 0;
		};
/* End PBXFrameworksBuildPhase section */

/* Begin PBXGroup section */
		794817BF28764E0D00FEBF9A /* Views */ = {
			isa = PBXGroup;
			children = (
				790027E228590B3300D66207 /* Components.swift */,
				794817C028764E4600FEBF9A /* TweetCell.swift */,
			);
			path = Views;
			sourceTree = "<group>";
		};
		795F7FBB286A724800AC3342 /* Models */ = {
			isa = PBXGroup;
			children = (
				796F288E286A72B400F63B47 /* User.swift */,
				7902B4B22874E72C00C6862C /* Tweet.swift */,
			);
			path = Models;
			sourceTree = "<group>";
		};
		7966AAAE287CE88D0076C36C /* ViewModels */ = {
			isa = PBXGroup;
			children = (
				79E719B4287CE8AF002838B4 /* TweetViewModel.swift */,
			);
			path = ViewModels;
			sourceTree = "<group>";
		};
		79683BF728512D9100913421 /* Authentication */ = {
			isa = PBXGroup;
			children = (
				79683BF828512DBB00913421 /* LoginController.swift */,
				79683BFA28512EE900913421 /* SignupController.swift */,
			);
			path = Authentication;
			sourceTree = "<group>";
		};
		79E7440B2840541C0029C0E2 = {
			isa = PBXGroup;
			children = (
				79E744162840541C0029C0E2 /* twitter */,
				79E744152840541C0029C0E2 /* Products */,
				C6062897FECA4115B4F0C1EE /* Pods */,
				C90C61BBD483DD0D7FB4AAF8 /* Frameworks */,
			);
			sourceTree = "<group>";
		};
		79E744152840541C0029C0E2 /* Products */ = {
			isa = PBXGroup;
			children = (
				79E744142840541C0029C0E2 /* twitter.app */,
			);
			name = Products;
			sourceTree = "<group>";
		};
		79E744162840541C0029C0E2 /* twitter */ = {
			isa = PBXGroup;
			children = (
				79E744252840541E0029C0E2 /* Info.plist */,
				791F718E2863DBCB004BBB66 /* GoogleService-Info.plist */,
				79E744202840541E0029C0E2 /* Assets.xcassets */,
				79E744222840541E0029C0E2 /* LaunchScreen.storyboard */,
				79E744172840541C0029C0E2 /* AppDelegate.swift */,
				79E7442B2840547F0029C0E2 /* Utils */,
				79F3F58128660B3B00EB7C5D /* Services */,
				7966AAAE287CE88D0076C36C /* ViewModels */,
				795F7FBB286A724800AC3342 /* Models */,
				79E7442D284054A80029C0E2 /* Controllers */,
				794817BF28764E0D00FEBF9A /* Views */,
			);
			path = twitter;
			sourceTree = "<group>";
		};
		79E7442B2840547F0029C0E2 /* Utils */ = {
			isa = PBXGroup;
			children = (
				79639FF6286534D3007DE191 /* Constants.swift */,
				79E6407F2857ED74004F569C /* Protocols.swift */,
				7943C15B284ECF3B006A07C1 /* Extensions.swift */,
			);
			path = Utils;
			sourceTree = "<group>";
		};
		79E7442D284054A80029C0E2 /* Controllers */ = {
			isa = PBXGroup;
			children = (
				79683BF728512D9100913421 /* Authentication */,
				793A1C4E28429E3400E67585 /* MainTabBarController.swift */,
				7973765B28483F720047B0FA /* FeedController.swift */,
				7973765D284840270047B0FA /* ExploreController.swift */,
				7973765F284840540047B0FA /* NotificationController.swift */,
				79737661284840710047B0FA /* ConversationsController.swift */,
				7934B099286F4A0E008C1D0D /* UploadTweetController.swift */,
				79094689287F142200501FA7 /* ProfileController.swift */,
				7909468B287F2F5600501FA7 /* TweetController.swift */,
			);
			path = Controllers;
			sourceTree = "<group>";
		};
		79F3F58128660B3B00EB7C5D /* Services */ = {
			isa = PBXGroup;
			children = (
				79F3F58228660B5400EB7C5D /* AuthServices.swift */,
				79F5AD722867DFB2000CD804 /* UserService.swift */,
				7902B4B42874E7EC00C6862C /* TweetService.swift */,
			);
			path = Services;
			sourceTree = "<group>";
		};
		C6062897FECA4115B4F0C1EE /* Pods */ = {
			isa = PBXGroup;
			children = (
				FD4EE079D093522EDB49B03E /* Pods-twitter.debug.xcconfig */,
				738E37B8F90C968D506C9C17 /* Pods-twitter.release.xcconfig */,
			);
			path = Pods;
			sourceTree = "<group>";
		};
		C90C61BBD483DD0D7FB4AAF8 /* Frameworks */ = {
			isa = PBXGroup;
			children = (
				AF98F7976204789E5CE9DCCD /* Pods_twitter.framework */,
			);
			name = Frameworks;
			sourceTree = "<group>";
		};
/* End PBXGroup section */

/* Begin PBXNativeTarget section */
		79E744132840541C0029C0E2 /* twitter */ = {
			isa = PBXNativeTarget;
			buildConfigurationList = 79E744282840541E0029C0E2 /* Build configuration list for PBXNativeTarget "twitter" */;
			buildPhases = (
				2B0B18FCCE09E787E4087333 /* [CP] Check Pods Manifest.lock */,
				79E744102840541C0029C0E2 /* Sources */,
				79E744112840541C0029C0E2 /* Frameworks */,
				79E744122840541C0029C0E2 /* Resources */,
				CC83F5C1CBC80DBC9535ACA6 /* [CP] Embed Pods Frameworks */,
			);
			buildRules = (
			);
			dependencies = (
			);
			name = twitter;
			productName = twitter;
			productReference = 79E744142840541C0029C0E2 /* twitter.app */;
			productType = "com.apple.product-type.application";
		};
/* End PBXNativeTarget section */

/* Begin PBXProject section */
		79E7440C2840541C0029C0E2 /* Project object */ = {
			isa = PBXProject;
			attributes = {
				BuildIndependentTargetsInParallel = 1;
				LastSwiftUpdateCheck = 1340;
				LastUpgradeCheck = 1340;
				TargetAttributes = {
					79E744132840541C0029C0E2 = {
						CreatedOnToolsVersion = 13.4;
					};
				};
			};
			buildConfigurationList = 79E7440F2840541C0029C0E2 /* Build configuration list for PBXProject "twitter" */;
			compatibilityVersion = "Xcode 13.0";
			developmentRegion = en;
			hasScannedForEncodings = 0;
			knownRegions = (
				en,
				Base,
			);
			mainGroup = 79E7440B2840541C0029C0E2;
			productRefGroup = 79E744152840541C0029C0E2 /* Products */;
			projectDirPath = "";
			projectRoot = "";
			targets = (
				79E744132840541C0029C0E2 /* twitter */,
			);
		};
/* End PBXProject section */

/* Begin PBXResourcesBuildPhase section */
		79E744122840541C0029C0E2 /* Resources */ = {
			isa = PBXResourcesBuildPhase;
			buildActionMask = 2147483647;
			files = (
				79E744242840541E0029C0E2 /* LaunchScreen.storyboard in Resources */,
				791F718F2863DBCB004BBB66 /* GoogleService-Info.plist in Resources */,
				79E744212840541E0029C0E2 /* Assets.xcassets in Resources */,
			);
			runOnlyForDeploymentPostprocessing = 0;
		};
/* End PBXResourcesBuildPhase section */

/* Begin PBXShellScriptBuildPhase section */
		2B0B18FCCE09E787E4087333 /* [CP] Check Pods Manifest.lock */ = {
			isa = PBXShellScriptBuildPhase;
			buildActionMask = 2147483647;
			files = (
			);
			inputFileListPaths = (
			);
			inputPaths = (
				"${PODS_PODFILE_DIR_PATH}/Podfile.lock",
				"${PODS_ROOT}/Manifest.lock",
			);
			name = "[CP] Check Pods Manifest.lock";
			outputFileListPaths = (
			);
			outputPaths = (
				"$(DERIVED_FILE_DIR)/Pods-twitter-checkManifestLockResult.txt",
			);
			runOnlyForDeploymentPostprocessing = 0;
			shellPath = /bin/sh;
			shellScript = "diff \"${PODS_PODFILE_DIR_PATH}/Podfile.lock\" \"${PODS_ROOT}/Manifest.lock\" > /dev/null\nif [ $? != 0 ] ; then\n    # print error to STDERR\n    echo \"error: The sandbox is not in sync with the Podfile.lock. Run 'pod install' or update your CocoaPods installation.\" >&2\n    exit 1\nfi\n# This output is used by Xcode 'outputs' to avoid re-running this script phase.\necho \"SUCCESS\" > \"${SCRIPT_OUTPUT_FILE_0}\"\n";
			showEnvVarsInLog = 0;
		};
		CC83F5C1CBC80DBC9535ACA6 /* [CP] Embed Pods Frameworks */ = {
			isa = PBXShellScriptBuildPhase;
			buildActionMask = 2147483647;
			files = (
			);
			inputFileListPaths = (
				"${PODS_ROOT}/Target Support Files/Pods-twitter/Pods-twitter-frameworks-${CONFIGURATION}-input-files.xcfilelist",
			);
			name = "[CP] Embed Pods Frameworks";
			outputFileListPaths = (
				"${PODS_ROOT}/Target Support Files/Pods-twitter/Pods-twitter-frameworks-${CONFIGURATION}-output-files.xcfilelist",
			);
			runOnlyForDeploymentPostprocessing = 0;
			shellPath = /bin/sh;
			shellScript = "\"${PODS_ROOT}/Target Support Files/Pods-twitter/Pods-twitter-frameworks.sh\"\n";
			showEnvVarsInLog = 0;
		};
/* End PBXShellScriptBuildPhase section */

/* Begin PBXSourcesBuildPhase section */
		79E744102840541C0029C0E2 /* Sources */ = {
			isa = PBXSourcesBuildPhase;
			buildActionMask = 2147483647;
			files = (
				79F5AD732867DFB2000CD804 /* UserService.swift in Sources */,
				790027E328590B3300D66207 /* Components.swift in Sources */,
				79683BF928512DBB00913421 /* LoginController.swift in Sources */,
				79737660284840540047B0FA /* NotificationController.swift in Sources */,
				79737662284840710047B0FA /* ConversationsController.swift in Sources */,
				7902B4B32874E72C00C6862C /* Tweet.swift in Sources */,
				79E640802857ED74004F569C /* Protocols.swift in Sources */,
				7909468C287F2F5600501FA7 /* TweetController.swift in Sources */,
				79E744182840541C0029C0E2 /* AppDelegate.swift in Sources */,
				79683BFB28512EE900913421 /* SignupController.swift in Sources */,
				7934B09A286F4A0E008C1D0D /* UploadTweetController.swift in Sources */,
				79F3F58328660B5400EB7C5D /* AuthServices.swift in Sources */,
				7943C15C284ECF3B006A07C1 /* Extensions.swift in Sources */,
				7973765E284840270047B0FA /* ExploreController.swift in Sources */,
				793A1C4F28429E3400E67585 /* MainTabBarController.swift in Sources */,
				7909468A287F142200501FA7 /* ProfileController.swift in Sources */,
				7973765C28483F720047B0FA /* FeedController.swift in Sources */,
				796F288F286A72B400F63B47 /* User.swift in Sources */,
				79E719B5287CE8AF002838B4 /* TweetViewModel.swift in Sources */,
				79639FF7286534D3007DE191 /* Constants.swift in Sources */,
				794817C128764E4600FEBF9A /* TweetCell.swift in Sources */,
				7902B4B52874E7EC00C6862C /* TweetService.swift in Sources */,
			);
			runOnlyForDeploymentPostprocessing = 0;
		};
/* End PBXSourcesBuildPhase section */

/* Begin PBXVariantGroup section */
		79E744222840541E0029C0E2 /* LaunchScreen.storyboard */ = {
			isa = PBXVariantGroup;
			children = (
				79E744232840541E0029C0E2 /* Base */,
			);
			name = LaunchScreen.storyboard;
			sourceTree = "<group>";
		};
/* End PBXVariantGroup section */

/* Begin XCBuildConfiguration section */
		79E744262840541E0029C0E2 /* Debug */ = {
			isa = XCBuildConfiguration;
			buildSettings = {
				ALWAYS_SEARCH_USER_PATHS = NO;
				CLANG_ANALYZER_NONNULL = YES;
				CLANG_ANALYZER_NUMBER_OBJECT_CONVERSION = YES_AGGRESSIVE;
				CLANG_CXX_LANGUAGE_STANDARD = "gnu++17";
				CLANG_ENABLE_MODULES = YES;
				CLANG_ENABLE_OBJC_ARC = YES;
				CLANG_ENABLE_OBJC_WEAK = YES;
				CLANG_WARN_BLOCK_CAPTURE_AUTORELEASING = YES;
				CLANG_WARN_BOOL_CONVERSION = YES;
				CLANG_WARN_COMMA = YES;
				CLANG_WARN_CONSTANT_CONVERSION = YES;
				CLANG_WARN_DEPRECATED_OBJC_IMPLEMENTATIONS = YES;
				CLANG_WARN_DIRECT_OBJC_ISA_USAGE = YES_ERROR;
				CLANG_WARN_DOCUMENTATION_COMMENTS = YES;
				CLANG_WARN_EMPTY_BODY = YES;
				CLANG_WARN_ENUM_CONVERSION = YES;
				CLANG_WARN_INFINITE_RECURSION = YES;
				CLANG_WARN_INT_CONVERSION = YES;
				CLANG_WARN_NON_LITERAL_NULL_CONVERSION = YES;
				CLANG_WARN_OBJC_IMPLICIT_RETAIN_SELF = YES;
				CLANG_WARN_OBJC_LITERAL_CONVERSION = YES;
				CLANG_WARN_OBJC_ROOT_CLASS = YES_ERROR;
				CLANG_WARN_QUOTED_INCLUDE_IN_FRAMEWORK_HEADER = YES;
				CLANG_WARN_RANGE_LOOP_ANALYSIS = YES;
				CLANG_WARN_STRICT_PROTOTYPES = YES;
				CLANG_WARN_SUSPICIOUS_MOVE = YES;
				CLANG_WARN_UNGUARDED_AVAILABILITY = YES_AGGRESSIVE;
				CLANG_WARN_UNREACHABLE_CODE = YES;
				CLANG_WARN__DUPLICATE_METHOD_MATCH = YES;
				COPY_PHASE_STRIP = NO;
				DEBUG_INFORMATION_FORMAT = dwarf;
				ENABLE_STRICT_OBJC_MSGSEND = YES;
				ENABLE_TESTABILITY = YES;
				GCC_C_LANGUAGE_STANDARD = gnu11;
				GCC_DYNAMIC_NO_PIC = NO;
				GCC_NO_COMMON_BLOCKS = YES;
				GCC_OPTIMIZATION_LEVEL = 0;
				GCC_PREPROCESSOR_DEFINITIONS = (
					"DEBUG=1",
					"$(inherited)",
				);
				GCC_WARN_64_TO_32_BIT_CONVERSION = YES;
				GCC_WARN_ABOUT_RETURN_TYPE = YES_ERROR;
				GCC_WARN_UNDECLARED_SELECTOR = YES;
				GCC_WARN_UNINITIALIZED_AUTOS = YES_AGGRESSIVE;
				GCC_WARN_UNUSED_FUNCTION = YES;
				GCC_WARN_UNUSED_VARIABLE = YES;
				IPHONEOS_DEPLOYMENT_TARGET = 15.5;
				MTL_ENABLE_DEBUG_INFO = INCLUDE_SOURCE;
				MTL_FAST_MATH = YES;
				ONLY_ACTIVE_ARCH = YES;
				SDKROOT = iphoneos;
				SWIFT_ACTIVE_COMPILATION_CONDITIONS = DEBUG;
				SWIFT_OPTIMIZATION_LEVEL = "-Onone";
			};
			name = Debug;
		};
		79E744272840541E0029C0E2 /* Release */ = {
			isa = XCBuildConfiguration;
			buildSettings = {
				ALWAYS_SEARCH_USER_PATHS = NO;
				CLANG_ANALYZER_NONNULL = YES;
				CLANG_ANALYZER_NUMBER_OBJECT_CONVERSION = YES_AGGRESSIVE;
				CLANG_CXX_LANGUAGE_STANDARD = "gnu++17";
				CLANG_ENABLE_MODULES = YES;
				CLANG_ENABLE_OBJC_ARC = YES;
				CLANG_ENABLE_OBJC_WEAK = YES;
				CLANG_WARN_BLOCK_CAPTURE_AUTORELEASING = YES;
				CLANG_WARN_BOOL_CONVERSION = YES;
				CLANG_WARN_COMMA = YES;
				CLANG_WARN_CONSTANT_CONVERSION = YES;
				CLANG_WARN_DEPRECATED_OBJC_IMPLEMENTATIONS = YES;
				CLANG_WARN_DIRECT_OBJC_ISA_USAGE = YES_ERROR;
				CLANG_WARN_DOCUMENTATION_COMMENTS = YES;
				CLANG_WARN_EMPTY_BODY = YES;
				CLANG_WARN_ENUM_CONVERSION = YES;
				CLANG_WARN_INFINITE_RECURSION = YES;
				CLANG_WARN_INT_CONVERSION = YES;
				CLANG_WARN_NON_LITERAL_NULL_CONVERSION = YES;
				CLANG_WARN_OBJC_IMPLICIT_RETAIN_SELF = YES;
				CLANG_WARN_OBJC_LITERAL_CONVERSION = YES;
				CLANG_WARN_OBJC_ROOT_CLASS = YES_ERROR;
				CLANG_WARN_QUOTED_INCLUDE_IN_FRAMEWORK_HEADER = YES;
				CLANG_WARN_RANGE_LOOP_ANALYSIS = YES;
				CLANG_WARN_STRICT_PROTOTYPES = YES;
				CLANG_WARN_SUSPICIOUS_MOVE = YES;
				CLANG_WARN_UNGUARDED_AVAILABILITY = YES_AGGRESSIVE;
				CLANG_WARN_UNREACHABLE_CODE = YES;
				CLANG_WARN__DUPLICATE_METHOD_MATCH = YES;
				COPY_PHASE_STRIP = NO;
				DEBUG_INFORMATION_FORMAT = "dwarf-with-dsym";
				ENABLE_NS_ASSERTIONS = NO;
				ENABLE_STRICT_OBJC_MSGSEND = YES;
				GCC_C_LANGUAGE_STANDARD = gnu11;
				GCC_NO_COMMON_BLOCKS = YES;
				GCC_WARN_64_TO_32_BIT_CONVERSION = YES;
				GCC_WARN_ABOUT_RETURN_TYPE = YES_ERROR;
				GCC_WARN_UNDECLARED_SELECTOR = YES;
				GCC_WARN_UNINITIALIZED_AUTOS = YES_AGGRESSIVE;
				GCC_WARN_UNUSED_FUNCTION = YES;
				GCC_WARN_UNUSED_VARIABLE = YES;
				IPHONEOS_DEPLOYMENT_TARGET = 15.5;
				MTL_ENABLE_DEBUG_INFO = NO;
				MTL_FAST_MATH = YES;
				SDKROOT = iphoneos;
				SWIFT_COMPILATION_MODE = wholemodule;
				SWIFT_OPTIMIZATION_LEVEL = "-O";
				VALIDATE_PRODUCT = YES;
			};
			name = Release;
		};
		79E744292840541E0029C0E2 /* Debug */ = {
			isa = XCBuildConfiguration;
			baseConfigurationReference = FD4EE079D093522EDB49B03E /* Pods-twitter.debug.xcconfig */;
			buildSettings = {
				ASSETCATALOG_COMPILER_APPICON_NAME = AppIcon;
				ASSETCATALOG_COMPILER_GLOBAL_ACCENT_COLOR_NAME = AccentColor;
				CODE_SIGN_STYLE = Automatic;
				CURRENT_PROJECT_VERSION = 1;
				DEVELOPMENT_TEAM = 73WHW284SL;
				GENERATE_INFOPLIST_FILE = YES;
				INFOPLIST_FILE = twitter/Info.plist;
				INFOPLIST_KEY_UIApplicationSupportsIndirectInputEvents = YES;
				INFOPLIST_KEY_UILaunchStoryboardName = LaunchScreen;
				INFOPLIST_KEY_UISupportedInterfaceOrientations_iPad = "UIInterfaceOrientationPortrait UIInterfaceOrientationPortraitUpsideDown UIInterfaceOrientationLandscapeLeft UIInterfaceOrientationLandscapeRight";
				INFOPLIST_KEY_UISupportedInterfaceOrientations_iPhone = "UIInterfaceOrientationPortrait UIInterfaceOrientationLandscapeLeft UIInterfaceOrientationLandscapeRight";
				LD_RUNPATH_SEARCH_PATHS = (
					"$(inherited)",
					"@executable_path/Frameworks",
				);
				MARKETING_VERSION = 1.0;
				PRODUCT_BUNDLE_IDENTIFIER = com.diegomontejano.twitter;
				PRODUCT_NAME = "$(TARGET_NAME)";
				SWIFT_EMIT_LOC_STRINGS = YES;
				SWIFT_VERSION = 5.0;
				TARGETED_DEVICE_FAMILY = 1;
			};
			name = Debug;
		};
		79E7442A2840541E0029C0E2 /* Release */ = {
			isa = XCBuildConfiguration;
			baseConfigurationReference = 738E37B8F90C968D506C9C17 /* Pods-twitter.release.xcconfig */;
			buildSettings = {
				ASSETCATALOG_COMPILER_APPICON_NAME = AppIcon;
				ASSETCATALOG_COMPILER_GLOBAL_ACCENT_COLOR_NAME = AccentColor;
				CODE_SIGN_STYLE = Automatic;
				CURRENT_PROJECT_VERSION = 1;
				DEVELOPMENT_TEAM = 73WHW284SL;
				GENERATE_INFOPLIST_FILE = YES;
				INFOPLIST_FILE = twitter/Info.plist;
				INFOPLIST_KEY_UIApplicationSupportsIndirectInputEvents = YES;
				INFOPLIST_KEY_UILaunchStoryboardName = LaunchScreen;
				INFOPLIST_KEY_UISupportedInterfaceOrientations_iPad = "UIInterfaceOrientationPortrait UIInterfaceOrientationPortraitUpsideDown UIInterfaceOrientationLandscapeLeft UIInterfaceOrientationLandscapeRight";
				INFOPLIST_KEY_UISupportedInterfaceOrientations_iPhone = "UIInterfaceOrientationPortrait UIInterfaceOrientationLandscapeLeft UIInterfaceOrientationLandscapeRight";
				LD_RUNPATH_SEARCH_PATHS = (
					"$(inherited)",
					"@executable_path/Frameworks",
				);
				MARKETING_VERSION = 1.0;
				PRODUCT_BUNDLE_IDENTIFIER = com.diegomontejano.twitter;
				PRODUCT_NAME = "$(TARGET_NAME)";
				SWIFT_EMIT_LOC_STRINGS = YES;
				SWIFT_VERSION = 5.0;
				TARGETED_DEVICE_FAMILY = 1;
			};
			name = Release;
		};
/* End XCBuildConfiguration section */

/* Begin XCConfigurationList section */
		79E7440F2840541C0029C0E2 /* Build configuration list for PBXProject "twitter" */ = {
			isa = XCConfigurationList;
			buildConfigurations = (
				79E744262840541E0029C0E2 /* Debug */,
				79E744272840541E0029C0E2 /* Release */,
			);
			defaultConfigurationIsVisible = 0;
			defaultConfigurationName = Release;
		};
		79E744282840541E0029C0E2 /* Build configuration list for PBXNativeTarget "twitter" */ = {
			isa = XCConfigurationList;
			buildConfigurations = (
				79E744292840541E0029C0E2 /* Debug */,
				79E7442A2840541E0029C0E2 /* Release */,
			);
			defaultConfigurationIsVisible = 0;
			defaultConfigurationName = Release;
		};
/* End XCConfigurationList section */
	};
	rootObject = 79E7440C2840541C0029C0E2 /* Project object */;
}
