// !$*UTF8*$!
{
	archiveVersion = 1;
	classes = {
	};
	objectVersion = 55;
	objects = {

/* Begin PBXBuildFile section */
		793A1C4F28429E3400E67585 /* MainTabBarController.swift in Sources */ = {isa = PBXBuildFile; fileRef = 793A1C4E28429E3400E67585 /* MainTabBarController.swift */; };
		7943C15C284ECF3B006A07C1 /* Extensions.swift in Sources */ = {isa = PBXBuildFile; fileRef = 7943C15B284ECF3B006A07C1 /* Extensions.swift */; };
		79683BF928512DBB00913421 /* LoginViewController.swift in Sources */ = {isa = PBXBuildFile; fileRef = 79683BF828512DBB00913421 /* LoginViewController.swift */; };
		79683BFB28512EE900913421 /* SignUpViewController.swift in Sources */ = {isa = PBXBuildFile; fileRef = 79683BFA28512EE900913421 /* SignUpViewController.swift */; };
		7973765C28483F720047B0FA /* FeedController.swift in Sources */ = {isa = PBXBuildFile; fileRef = 7973765B28483F720047B0FA /* FeedController.swift */; };
		7973765E284840270047B0FA /* ExploreController.swift in Sources */ = {isa = PBXBuildFile; fileRef = 7973765D284840270047B0FA /* ExploreController.swift */; };
		79737660284840540047B0FA /* NotificationController.swift in Sources */ = {isa = PBXBuildFile; fileRef = 7973765F284840540047B0FA /* NotificationController.swift */; };
		79737662284840710047B0FA /* ConversationsController.swift in Sources */ = {isa = PBXBuildFile; fileRef = 79737661284840710047B0FA /* ConversationsController.swift */; };
		79E640802857ED74004F569C /* Protocols.swift in Sources */ = {isa = PBXBuildFile; fileRef = 79E6407F2857ED74004F569C /* Protocols.swift */; };
		79E744182840541C0029C0E2 /* AppDelegate.swift in Sources */ = {isa = PBXBuildFile; fileRef = 79E744172840541C0029C0E2 /* AppDelegate.swift */; };
		79E7441A2840541C0029C0E2 /* SceneDelegate.swift in Sources */ = {isa = PBXBuildFile; fileRef = 79E744192840541C0029C0E2 /* SceneDelegate.swift */; };
		79E7441F2840541C0029C0E2 /* Main.storyboard in Resources */ = {isa = PBXBuildFile; fileRef = 79E7441D2840541C0029C0E2 /* Main.storyboard */; };
		79E744212840541E0029C0E2 /* Assets.xcassets in Resources */ = {isa = PBXBuildFile; fileRef = 79E744202840541E0029C0E2 /* Assets.xcassets */; };
		79E744242840541E0029C0E2 /* LaunchScreen.storyboard in Resources */ = {isa = PBXBuildFile; fileRef = 79E744222840541E0029C0E2 /* LaunchScreen.storyboard */; };
/* End PBXBuildFile section */

/* Begin PBXFileReference section */
		793A1C4E28429E3400E67585 /* MainTabBarController.swift */ = {isa = PBXFileReference; lastKnownFileType = sourcecode.swift; path = MainTabBarController.swift; sourceTree = "<group>"; };
		7943C15B284ECF3B006A07C1 /* Extensions.swift */ = {isa = PBXFileReference; lastKnownFileType = sourcecode.swift; path = Extensions.swift; sourceTree = "<group>"; };
		79683BF828512DBB00913421 /* LoginViewController.swift */ = {isa = PBXFileReference; lastKnownFileType = sourcecode.swift; path = LoginViewController.swift; sourceTree = "<group>"; };
		79683BFA28512EE900913421 /* SignUpViewController.swift */ = {isa = PBXFileReference; lastKnownFileType = sourcecode.swift; path = SignUpViewController.swift; sourceTree = "<group>"; };
		7973765B28483F720047B0FA /* FeedController.swift */ = {isa = PBXFileReference; lastKnownFileType = sourcecode.swift; path = FeedController.swift; sourceTree = "<group>"; };
		7973765D284840270047B0FA /* ExploreController.swift */ = {isa = PBXFileReference; lastKnownFileType = sourcecode.swift; path = ExploreController.swift; sourceTree = "<group>"; };
		7973765F284840540047B0FA /* NotificationController.swift */ = {isa = PBXFileReference; lastKnownFileType = sourcecode.swift; path = NotificationController.swift; sourceTree = "<group>"; };
		79737661284840710047B0FA /* ConversationsController.swift */ = {isa = PBXFileReference; lastKnownFileType = sourcecode.swift; path = ConversationsController.swift; sourceTree = "<group>"; };
		79E6407F2857ED74004F569C /* Protocols.swift */ = {isa = PBXFileReference; lastKnownFileType = sourcecode.swift; path = Protocols.swift; sourceTree = "<group>"; };
		79E744142840541C0029C0E2 /* twitter.app */ = {isa = PBXFileReference; explicitFileType = wrapper.application; includeInIndex = 0; path = twitter.app; sourceTree = BUILT_PRODUCTS_DIR; };
		79E744172840541C0029C0E2 /* AppDelegate.swift */ = {isa = PBXFileReference; lastKnownFileType = sourcecode.swift; path = AppDelegate.swift; sourceTree = "<group>"; };
		79E744192840541C0029C0E2 /* SceneDelegate.swift */ = {isa = PBXFileReference; lastKnownFileType = sourcecode.swift; path = SceneDelegate.swift; sourceTree = "<group>"; };
		79E7441E2840541C0029C0E2 /* Base */ = {isa = PBXFileReference; lastKnownFileType = file.storyboard; name = Base; path = Base.lproj/Main.storyboard; sourceTree = "<group>"; };
		79E744202840541E0029C0E2 /* Assets.xcassets */ = {isa = PBXFileReference; lastKnownFileType = folder.assetcatalog; path = Assets.xcassets; sourceTree = "<group>"; };
		79E744232840541E0029C0E2 /* Base */ = {isa = PBXFileReference; lastKnownFileType = file.storyboard; name = Base; path = Base.lproj/LaunchScreen.storyboard; sourceTree = "<group>"; };
		79E744252840541E0029C0E2 /* Info.plist */ = {isa = PBXFileReference; lastKnownFileType = text.plist.xml; path = Info.plist; sourceTree = "<group>"; };
/* End PBXFileReference section */

/* Begin PBXFrameworksBuildPhase section */
		79E744112840541C0029C0E2 /* Frameworks */ = {
			isa = PBXFrameworksBuildPhase;
			buildActionMask = 2147483647;
			files = (
			);
			runOnlyForDeploymentPostprocessing = 0;
		};
/* End PBXFrameworksBuildPhase section */

/* Begin PBXGroup section */
		794A1F2E2850218200956A8A /* Storyboard */ = {
			isa = PBXGroup;
			children = (
				79E7441D2840541C0029C0E2 /* Main.storyboard */,
				79E744222840541E0029C0E2 /* LaunchScreen.storyboard */,
			);
			path = Storyboard;
			sourceTree = "<group>";
		};
		79683BF728512D9100913421 /* Authentication */ = {
			isa = PBXGroup;
			children = (
				79683BF828512DBB00913421 /* LoginViewController.swift */,
				79683BFA28512EE900913421 /* SignUpViewController.swift */,
			);
			path = Authentication;
			sourceTree = "<group>";
		};
		79E7440B2840541C0029C0E2 = {
			isa = PBXGroup;
			children = (
				79E744162840541C0029C0E2 /* twitter */,
				79E744152840541C0029C0E2 /* Products */,
			);
			sourceTree = "<group>";
		};
		79E744152840541C0029C0E2 /* Products */ = {
			isa = PBXGroup;
			children = (
				79E744142840541C0029C0E2 /* twitter.app */,
			);
			name = Products;
			sourceTree = "<group>";
		};
		79E744162840541C0029C0E2 /* twitter */ = {
			isa = PBXGroup;
			children = (
				79E744252840541E0029C0E2 /* Info.plist */,
				79E744202840541E0029C0E2 /* Assets.xcassets */,
				79E744172840541C0029C0E2 /* AppDelegate.swift */,
				79E744192840541C0029C0E2 /* SceneDelegate.swift */,
				79E7442C284054A20029C0E2 /* API */,
				79E74430284054AF0029C0E2 /* Model */,
				79E7442D284054A80029C0E2 /* Controller */,
				79E7442E284054AB0029C0E2 /* ViewModel */,
				79E7442F284054AD0029C0E2 /* View */,
				79E7442B2840547F0029C0E2 /* Utils */,
				794A1F2E2850218200956A8A /* Storyboard */,
			);
			path = twitter;
			sourceTree = "<group>";
		};
		79E7442B2840547F0029C0E2 /* Utils */ = {
			isa = PBXGroup;
			children = (
				7943C15B284ECF3B006A07C1 /* Extensions.swift */,
				79E6407F2857ED74004F569C /* Protocols.swift */,
			);
			path = Utils;
			sourceTree = "<group>";
		};
		79E7442C284054A20029C0E2 /* API */ = {
			isa = PBXGroup;
			children = (
			);
			path = API;
			sourceTree = "<group>";
		};
		79E7442D284054A80029C0E2 /* Controller */ = {
			isa = PBXGroup;
			children = (
				79683BF728512D9100913421 /* Authentication */,
				793A1C4E28429E3400E67585 /* MainTabBarController.swift */,
				7973765B28483F720047B0FA /* FeedController.swift */,
				7973765D284840270047B0FA /* ExploreController.swift */,
				7973765F284840540047B0FA /* NotificationController.swift */,
				79737661284840710047B0FA /* ConversationsController.swift */,
			);
			path = Controller;
			sourceTree = "<group>";
		};
		79E7442E284054AB0029C0E2 /* ViewModel */ = {
			isa = PBXGroup;
			children = (
			);
			path = ViewModel;
			sourceTree = "<group>";
		};
		79E7442F284054AD0029C0E2 /* View */ = {
			isa = PBXGroup;
			children = (
			);
			path = View;
			sourceTree = "<group>";
		};
		79E74430284054AF0029C0E2 /* Model */ = {
			isa = PBXGroup;
			children = (
			);
			path = Model;
			sourceTree = "<group>";
		};
/* End PBXGroup section */

/* Begin PBXNativeTarget section */
		79E744132840541C0029C0E2 /* twitter */ = {
			isa = PBXNativeTarget;
			buildConfigurationList = 79E744282840541E0029C0E2 /* Build configuration list for PBXNativeTarget "twitter" */;
			buildPhases = (
				79E744102840541C0029C0E2 /* Sources */,
				79E744112840541C0029C0E2 /* Frameworks */,
				79E744122840541C0029C0E2 /* Resources */,
			);
			buildRules = (
			);
			dependencies = (
			);
			name = twitter;
			productName = twitter;
			productReference = 79E744142840541C0029C0E2 /* twitter.app */;
			productType = "com.apple.product-type.application";
		};
/* End PBXNativeTarget section */

/* Begin PBXProject section */
		79E7440C2840541C0029C0E2 /* Project object */ = {
			isa = PBXProject;
			attributes = {
				BuildIndependentTargetsInParallel = 1;
				LastSwiftUpdateCheck = 1340;
				LastUpgradeCheck = 1340;
				TargetAttributes = {
					79E744132840541C0029C0E2 = {
						CreatedOnToolsVersion = 13.4;
					};
				};
			};
			buildConfigurationList = 79E7440F2840541C0029C0E2 /* Build configuration list for PBXProject "twitter" */;
			compatibilityVersion = "Xcode 13.0";
			developmentRegion = en;
			hasScannedForEncodings = 0;
			knownRegions = (
				en,
				Base,
			);
			mainGroup = 79E7440B2840541C0029C0E2;
			productRefGroup = 79E744152840541C0029C0E2 /* Products */;
			projectDirPath = "";
			projectRoot = "";
			targets = (
				79E744132840541C0029C0E2 /* twitter */,
			);
		};
/* End PBXProject section */

/* Begin PBXResourcesBuildPhase section */
		79E744122840541C0029C0E2 /* Resources */ = {
			isa = PBXResourcesBuildPhase;
			buildActionMask = 2147483647;
			files = (
				79E744242840541E0029C0E2 /* LaunchScreen.storyboard in Resources */,
				79E744212840541E0029C0E2 /* Assets.xcassets in Resources */,
				79E7441F2840541C0029C0E2 /* Main.storyboard in Resources */,
			);
			runOnlyForDeploymentPostprocessing = 0;
		};
/* End PBXResourcesBuildPhase section */

/* Begin PBXSourcesBuildPhase section */
		79E744102840541C0029C0E2 /* Sources */ = {
			isa = PBXSourcesBuildPhase;
			buildActionMask = 2147483647;
			files = (
				79683BF928512DBB00913421 /* LoginViewController.swift in Sources */,
				79737660284840540047B0FA /* NotificationController.swift in Sources */,
				79737662284840710047B0FA /* ConversationsController.swift in Sources */,
				79E640802857ED74004F569C /* Protocols.swift in Sources */,
				79E744182840541C0029C0E2 /* AppDelegate.swift in Sources */,
				79683BFB28512EE900913421 /* SignUpViewController.swift in Sources */,
				7943C15C284ECF3B006A07C1 /* Extensions.swift in Sources */,
				7973765E284840270047B0FA /* ExploreController.swift in Sources */,
				79E7441A2840541C0029C0E2 /* SceneDelegate.swift in Sources */,
				793A1C4F28429E3400E67585 /* MainTabBarController.swift in Sources */,
				7973765C28483F720047B0FA /* FeedController.swift in Sources */,
			);
			runOnlyForDeploymentPostprocessing = 0;
		};
/* End PBXSourcesBuildPhase section */

/* Begin PBXVariantGroup section */
		79E7441D2840541C0029C0E2 /* Main.storyboard */ = {
			isa = PBXVariantGroup;
			children = (
				79E7441E2840541C0029C0E2 /* Base */,
			);
			name = Main.storyboard;
			sourceTree = "<group>";
		};
		79E744222840541E0029C0E2 /* LaunchScreen.storyboard */ = {
			isa = PBXVariantGroup;
			children = (
				79E744232840541E0029C0E2 /* Base */,
			);
			name = LaunchScreen.storyboard;
			sourceTree = "<group>";
		};
/* End PBXVariantGroup section */

/* Begin XCBuildConfiguration section */
		79E744262840541E0029C0E2 /* Debug */ = {
			isa = XCBuildConfiguration;
			buildSettings = {
				ALWAYS_SEARCH_USER_PATHS = NO;
				CLANG_ANALYZER_NONNULL = YES;
				CLANG_ANALYZER_NUMBER_OBJECT_CONVERSION = YES_AGGRESSIVE;
				CLANG_CXX_LANGUAGE_STANDARD = "gnu++17";
				CLANG_ENABLE_MODULES = YES;
				CLANG_ENABLE_OBJC_ARC = YES;
				CLANG_ENABLE_OBJC_WEAK = YES;
				CLANG_WARN_BLOCK_CAPTURE_AUTORELEASING = YES;
				CLANG_WARN_BOOL_CONVERSION = YES;
				CLANG_WARN_COMMA = YES;
				CLANG_WARN_CONSTANT_CONVERSION = YES;
				CLANG_WARN_DEPRECATED_OBJC_IMPLEMENTATIONS = YES;
				CLANG_WARN_DIRECT_OBJC_ISA_USAGE = YES_ERROR;
				CLANG_WARN_DOCUMENTATION_COMMENTS = YES;
				CLANG_WARN_EMPTY_BODY = YES;
				CLANG_WARN_ENUM_CONVERSION = YES;
				CLANG_WARN_INFINITE_RECURSION = YES;
				CLANG_WARN_INT_CONVERSION = YES;
				CLANG_WARN_NON_LITERAL_NULL_CONVERSION = YES;
				CLANG_WARN_OBJC_IMPLICIT_RETAIN_SELF = YES;
				CLANG_WARN_OBJC_LITERAL_CONVERSION = YES;
				CLANG_WARN_OBJC_ROOT_CLASS = YES_ERROR;
				CLANG_WARN_QUOTED_INCLUDE_IN_FRAMEWORK_HEADER = YES;
				CLANG_WARN_RANGE_LOOP_ANALYSIS = YES;
				CLANG_WARN_STRICT_PROTOTYPES = YES;
				CLANG_WARN_SUSPICIOUS_MOVE = YES;
				CLANG_WARN_UNGUARDED_AVAILABILITY = YES_AGGRESSIVE;
				CLANG_WARN_UNREACHABLE_CODE = YES;
				CLANG_WARN__DUPLICATE_METHOD_MATCH = YES;
				COPY_PHASE_STRIP = NO;
				DEBUG_INFORMATION_FORMAT = dwarf;
				ENABLE_STRICT_OBJC_MSGSEND = YES;
				ENABLE_TESTABILITY = YES;
				GCC_C_LANGUAGE_STANDARD = gnu11;
				GCC_DYNAMIC_NO_PIC = NO;
				GCC_NO_COMMON_BLOCKS = YES;
				GCC_OPTIMIZATION_LEVEL = 0;
				GCC_PREPROCESSOR_DEFINITIONS = (
					"DEBUG=1",
					"$(inherited)",
				);
				GCC_WARN_64_TO_32_BIT_CONVERSION = YES;
				GCC_WARN_ABOUT_RETURN_TYPE = YES_ERROR;
				GCC_WARN_UNDECLARED_SELECTOR = YES;
				GCC_WARN_UNINITIALIZED_AUTOS = YES_AGGRESSIVE;
				GCC_WARN_UNUSED_FUNCTION = YES;
				GCC_WARN_UNUSED_VARIABLE = YES;
				IPHONEOS_DEPLOYMENT_TARGET = 15.5;
				MTL_ENABLE_DEBUG_INFO = INCLUDE_SOURCE;
				MTL_FAST_MATH = YES;
				ONLY_ACTIVE_ARCH = YES;
				SDKROOT = iphoneos;
				SWIFT_ACTIVE_COMPILATION_CONDITIONS = DEBUG;
				SWIFT_OPTIMIZATION_LEVEL = "-Onone";
			};
			name = Debug;
		};
		79E744272840541E0029C0E2 /* Release */ = {
			isa = XCBuildConfiguration;
			buildSettings = {
				ALWAYS_SEARCH_USER_PATHS = NO;
				CLANG_ANALYZER_NONNULL = YES;
				CLANG_ANALYZER_NUMBER_OBJECT_CONVERSION = YES_AGGRESSIVE;
				CLANG_CXX_LANGUAGE_STANDARD = "gnu++17";
				CLANG_ENABLE_MODULES = YES;
				CLANG_ENABLE_OBJC_ARC = YES;
				CLANG_ENABLE_OBJC_WEAK = YES;
				CLANG_WARN_BLOCK_CAPTURE_AUTORELEASING = YES;
				CLANG_WARN_BOOL_CONVERSION = YES;
				CLANG_WARN_COMMA = YES;
				CLANG_WARN_CONSTANT_CONVERSION = YES;
				CLANG_WARN_DEPRECATED_OBJC_IMPLEMENTATIONS = YES;
				CLANG_WARN_DIRECT_OBJC_ISA_USAGE = YES_ERROR;
				CLANG_WARN_DOCUMENTATION_COMMENTS = YES;
				CLANG_WARN_EMPTY_BODY = YES;
				CLANG_WARN_ENUM_CONVERSION = YES;
				CLANG_WARN_INFINITE_RECURSION = YES;
				CLANG_WARN_INT_CONVERSION = YES;
				CLANG_WARN_NON_LITERAL_NULL_CONVERSION = YES;
				CLANG_WARN_OBJC_IMPLICIT_RETAIN_SELF = YES;
				CLANG_WARN_OBJC_LITERAL_CONVERSION = YES;
				CLANG_WARN_OBJC_ROOT_CLASS = YES_ERROR;
				CLANG_WARN_QUOTED_INCLUDE_IN_FRAMEWORK_HEADER = YES;
				CLANG_WARN_RANGE_LOOP_ANALYSIS = YES;
				CLANG_WARN_STRICT_PROTOTYPES = YES;
				CLANG_WARN_SUSPICIOUS_MOVE = YES;
				CLANG_WARN_UNGUARDED_AVAILABILITY = YES_AGGRESSIVE;
				CLANG_WARN_UNREACHABLE_CODE = YES;
				CLANG_WARN__DUPLICATE_METHOD_MATCH = YES;
				COPY_PHASE_STRIP = NO;
				DEBUG_INFORMATION_FORMAT = "dwarf-with-dsym";
				ENABLE_NS_ASSERTIONS = NO;
				ENABLE_STRICT_OBJC_MSGSEND = YES;
				GCC_C_LANGUAGE_STANDARD = gnu11;
				GCC_NO_COMMON_BLOCKS = YES;
				GCC_WARN_64_TO_32_BIT_CONVERSION = YES;
				GCC_WARN_ABOUT_RETURN_TYPE = YES_ERROR;
				GCC_WARN_UNDECLARED_SELECTOR = YES;
				GCC_WARN_UNINITIALIZED_AUTOS = YES_AGGRESSIVE;
				GCC_WARN_UNUSED_FUNCTION = YES;
				GCC_WARN_UNUSED_VARIABLE = YES;
				IPHONEOS_DEPLOYMENT_TARGET = 15.5;
				MTL_ENABLE_DEBUG_INFO = NO;
				MTL_FAST_MATH = YES;
				SDKROOT = iphoneos;
				SWIFT_COMPILATION_MODE = wholemodule;
				SWIFT_OPTIMIZATION_LEVEL = "-O";
				VALIDATE_PRODUCT = YES;
			};
			name = Release;
		};
		79E744292840541E0029C0E2 /* Debug */ = {
			isa = XCBuildConfiguration;
			buildSettings = {
				ASSETCATALOG_COMPILER_APPICON_NAME = AppIcon;
				ASSETCATALOG_COMPILER_GLOBAL_ACCENT_COLOR_NAME = AccentColor;
				CODE_SIGN_STYLE = Automatic;
				CURRENT_PROJECT_VERSION = 1;
				DEVELOPMENT_TEAM = 73WHW284SL;
				GENERATE_INFOPLIST_FILE = YES;
				INFOPLIST_FILE = twitter/Info.plist;
				INFOPLIST_KEY_UIApplicationSupportsIndirectInputEvents = YES;
				INFOPLIST_KEY_UILaunchStoryboardName = LaunchScreen;
				INFOPLIST_KEY_UIMainStoryboardFile = Main;
				INFOPLIST_KEY_UISupportedInterfaceOrientations_iPad = "UIInterfaceOrientationPortrait UIInterfaceOrientationPortraitUpsideDown UIInterfaceOrientationLandscapeLeft UIInterfaceOrientationLandscapeRight";
				INFOPLIST_KEY_UISupportedInterfaceOrientations_iPhone = "UIInterfaceOrientationPortrait UIInterfaceOrientationLandscapeLeft UIInterfaceOrientationLandscapeRight";
				LD_RUNPATH_SEARCH_PATHS = (
					"$(inherited)",
					"@executable_path/Frameworks",
				);
				MARKETING_VERSION = 1.0;
				PRODUCT_BUNDLE_IDENTIFIER = com.diegomontejano.twitter;
				PRODUCT_NAME = "$(TARGET_NAME)";
				SWIFT_EMIT_LOC_STRINGS = YES;
				SWIFT_VERSION = 5.0;
				TARGETED_DEVICE_FAMILY = 1;
			};
			name = Debug;
		};
		79E7442A2840541E0029C0E2 /* Release */ = {
			isa = XCBuildConfiguration;
			buildSettings = {
				ASSETCATALOG_COMPILER_APPICON_NAME = AppIcon;
				ASSETCATALOG_COMPILER_GLOBAL_ACCENT_COLOR_NAME = AccentColor;
				CODE_SIGN_STYLE = Automatic;
				CURRENT_PROJECT_VERSION = 1;
				DEVELOPMENT_TEAM = 73WHW284SL;
				GENERATE_INFOPLIST_FILE = YES;
				INFOPLIST_FILE = twitter/Info.plist;
				INFOPLIST_KEY_UIApplicationSupportsIndirectInputEvents = YES;
				INFOPLIST_KEY_UILaunchStoryboardName = LaunchScreen;
				INFOPLIST_KEY_UIMainStoryboardFile = Main;
				INFOPLIST_KEY_UISupportedInterfaceOrientations_iPad = "UIInterfaceOrientationPortrait UIInterfaceOrientationPortraitUpsideDown UIInterfaceOrientationLandscapeLeft UIInterfaceOrientationLandscapeRight";
				INFOPLIST_KEY_UISupportedInterfaceOrientations_iPhone = "UIInterfaceOrientationPortrait UIInterfaceOrientationLandscapeLeft UIInterfaceOrientationLandscapeRight";
				LD_RUNPATH_SEARCH_PATHS = (
					"$(inherited)",
					"@executable_path/Frameworks",
				);
				MARKETING_VERSION = 1.0;
				PRODUCT_BUNDLE_IDENTIFIER = com.diegomontejano.twitter;
				PRODUCT_NAME = "$(TARGET_NAME)";
				SWIFT_EMIT_LOC_STRINGS = YES;
				SWIFT_VERSION = 5.0;
				TARGETED_DEVICE_FAMILY = 1;
			};
			name = Release;
		};
/* End XCBuildConfiguration section */

/* Begin XCConfigurationList section */
		79E7440F2840541C0029C0E2 /* Build configuration list for PBXProject "twitter" */ = {
			isa = XCConfigurationList;
			buildConfigurations = (
				79E744262840541E0029C0E2 /* Debug */,
				79E744272840541E0029C0E2 /* Release */,
			);
			defaultConfigurationIsVisible = 0;
			defaultConfigurationName = Release;
		};
		79E744282840541E0029C0E2 /* Build configuration list for PBXNativeTarget "twitter" */ = {
			isa = XCConfigurationList;
			buildConfigurations = (
				79E744292840541E0029C0E2 /* Debug */,
				79E7442A2840541E0029C0E2 /* Release */,
			);
			defaultConfigurationIsVisible = 0;
			defaultConfigurationName = Release;
		};
/* End XCConfigurationList section */
	};
	rootObject = 79E7440C2840541C0029C0E2 /* Project object */;
}
