// !$*UTF8*$!
{
	archiveVersion = 1;
	classes = {
	};
	objectVersion = 55;
	objects = {

/* Begin PBXBuildFile section */
		1A49BCCADEE7EA4D83F07E14 /* Pods_twitter.framework in Frameworks */ = {isa = PBXBuildFile; fileRef = E9B84E6E67D7549F6023ED45 /* Pods_twitter.framework */; };
		7902B4B32874E72C00C6862C /* Tweet.swift in Sources */ = {isa = PBXBuildFile; fileRef = 7902B4B22874E72C00C6862C /* Tweet.swift */; };
		7902B4B52874E7EC00C6862C /* TweetService.swift in Sources */ = {isa = PBXBuildFile; fileRef = 7902B4B42874E7EC00C6862C /* TweetService.swift */; };
		7903EFD528AE6A9C00B9E85D /* GoogleService-Info.plist in Resources */ = {isa = PBXBuildFile; fileRef = 7903EFD428AE6A9C00B9E85D /* GoogleService-Info.plist */; };
		79052CBA28CB92E9001B1809 /* UploadTweetController.swift in Sources */ = {isa = PBXBuildFile; fileRef = 79052CA228CB92E9001B1809 /* UploadTweetController.swift */; };
		79052CBC28CB92E9001B1809 /* MessagesController.swift in Sources */ = {isa = PBXBuildFile; fileRef = 79052CA528CB92E9001B1809 /* MessagesController.swift */; };
		79052CBD28CB92E9001B1809 /* MainTabBarController.swift in Sources */ = {isa = PBXBuildFile; fileRef = 79052CA728CB92E9001B1809 /* MainTabBarController.swift */; };
		79052CBE28CB92E9001B1809 /* ExploreController.swift in Sources */ = {isa = PBXBuildFile; fileRef = 79052CA928CB92E9001B1809 /* ExploreController.swift */; };
		79052CBF28CB92E9001B1809 /* ProfileController.swift in Sources */ = {isa = PBXBuildFile; fileRef = 79052CAB28CB92E9001B1809 /* ProfileController.swift */; };
		79052CC028CB92E9001B1809 /* FeedController.swift in Sources */ = {isa = PBXBuildFile; fileRef = 79052CAD28CB92E9001B1809 /* FeedController.swift */; };
		79052CC128CB92E9001B1809 /* TweetCell.swift in Sources */ = {isa = PBXBuildFile; fileRef = 79052CAE28CB92E9001B1809 /* TweetCell.swift */; };
		79052CC228CB92E9001B1809 /* LoginController.swift in Sources */ = {isa = PBXBuildFile; fileRef = 79052CB028CB92E9001B1809 /* LoginController.swift */; };
		79052CC328CB92E9001B1809 /* SignupController.swift in Sources */ = {isa = PBXBuildFile; fileRef = 79052CB128CB92E9001B1809 /* SignupController.swift */; };
		79052CC428CB92E9001B1809 /* NotificationsController.swift in Sources */ = {isa = PBXBuildFile; fileRef = 79052CB328CB92E9001B1809 /* NotificationsController.swift */; };
		79052CC528CB92E9001B1809 /* Constants.swift in Sources */ = {isa = PBXBuildFile; fileRef = 79052CB528CB92E9001B1809 /* Constants.swift */; };
		79052CC628CB92E9001B1809 /* Extensions.swift in Sources */ = {isa = PBXBuildFile; fileRef = 79052CB728CB92E9001B1809 /* Extensions.swift */; };
		79052CC728CB92E9001B1809 /* Protocols.swift in Sources */ = {isa = PBXBuildFile; fileRef = 79052CB828CB92E9001B1809 /* Protocols.swift */; };
		79052CC828CB92E9001B1809 /* Components.swift in Sources */ = {isa = PBXBuildFile; fileRef = 79052CB928CB92E9001B1809 /* Components.swift */; };
		7910B99728D3BFCB003069D1 /* ProfileFilter.swift in Sources */ = {isa = PBXBuildFile; fileRef = 7910B99628D3BFCA003069D1 /* ProfileFilter.swift */; };
		7963FFFA28CFBF0D00C06EA8 /* TweetController.swift in Sources */ = {isa = PBXBuildFile; fileRef = 7963FFF928CFBF0D00C06EA8 /* TweetController.swift */; };
		796F288F286A72B400F63B47 /* User.swift in Sources */ = {isa = PBXBuildFile; fileRef = 796F288E286A72B400F63B47 /* User.swift */; };
		79A49FED28D104E500692955 /* ProfileHeader.swift in Sources */ = {isa = PBXBuildFile; fileRef = 79A49FEC28D104E500692955 /* ProfileHeader.swift */; };
		79DFA63328D4A67D00C0A524 /* ProfileFilterCell.swift in Sources */ = {isa = PBXBuildFile; fileRef = 79DFA63228D4A67D00C0A524 /* ProfileFilterCell.swift */; };
		79E719B5287CE8AF002838B4 /* TweetViewModel.swift in Sources */ = {isa = PBXBuildFile; fileRef = 79E719B4287CE8AF002838B4 /* TweetViewModel.swift */; };
		79E744182840541C0029C0E2 /* AppDelegate.swift in Sources */ = {isa = PBXBuildFile; fileRef = 79E744172840541C0029C0E2 /* AppDelegate.swift */; };
		79E744212840541E0029C0E2 /* Assets.xcassets in Resources */ = {isa = PBXBuildFile; fileRef = 79E744202840541E0029C0E2 /* Assets.xcassets */; };
		79E744242840541E0029C0E2 /* LaunchScreen.storyboard in Resources */ = {isa = PBXBuildFile; fileRef = 79E744222840541E0029C0E2 /* LaunchScreen.storyboard */; };
		79F3F58328660B5400EB7C5D /* AuthServices.swift in Sources */ = {isa = PBXBuildFile; fileRef = 79F3F58228660B5400EB7C5D /* AuthServices.swift */; };
		79F5AD732867DFB2000CD804 /* UserService.swift in Sources */ = {isa = PBXBuildFile; fileRef = 79F5AD722867DFB2000CD804 /* UserService.swift */; };
/* End PBXBuildFile section */

/* Begin PBXFileReference section */
		351D12720BF23784675A72DF /* Pods-twitter.release.xcconfig */ = {isa = PBXFileReference; includeInIndex = 1; lastKnownFileType = text.xcconfig; name = "Pods-twitter.release.xcconfig"; path = "Target Support Files/Pods-twitter/Pods-twitter.release.xcconfig"; sourceTree = "<group>"; };
		7902B4B22874E72C00C6862C /* Tweet.swift */ = {isa = PBXFileReference; lastKnownFileType = sourcecode.swift; path = Tweet.swift; sourceTree = "<group>"; };
		7902B4B42874E7EC00C6862C /* TweetService.swift */ = {isa = PBXFileReference; lastKnownFileType = sourcecode.swift; path = TweetService.swift; sourceTree = "<group>"; };
		7903EFD428AE6A9C00B9E85D /* GoogleService-Info.plist */ = {isa = PBXFileReference; lastKnownFileType = text.plist; path = "GoogleService-Info.plist"; sourceTree = SOURCE_ROOT; };
		79052CA228CB92E9001B1809 /* UploadTweetController.swift */ = {isa = PBXFileReference; fileEncoding = 4; lastKnownFileType = sourcecode.swift; path = UploadTweetController.swift; sourceTree = "<group>"; };
		79052CA528CB92E9001B1809 /* MessagesController.swift */ = {isa = PBXFileReference; fileEncoding = 4; lastKnownFileType = sourcecode.swift; path = MessagesController.swift; sourceTree = "<group>"; };
		79052CA728CB92E9001B1809 /* MainTabBarController.swift */ = {isa = PBXFileReference; fileEncoding = 4; lastKnownFileType = sourcecode.swift; path = MainTabBarController.swift; sourceTree = "<group>"; };
		79052CA928CB92E9001B1809 /* ExploreController.swift */ = {isa = PBXFileReference; fileEncoding = 4; lastKnownFileType = sourcecode.swift; path = ExploreController.swift; sourceTree = "<group>"; };
		79052CAB28CB92E9001B1809 /* ProfileController.swift */ = {isa = PBXFileReference; fileEncoding = 4; lastKnownFileType = sourcecode.swift; path = ProfileController.swift; sourceTree = "<group>"; };
		79052CAD28CB92E9001B1809 /* FeedController.swift */ = {isa = PBXFileReference; fileEncoding = 4; lastKnownFileType = sourcecode.swift; path = FeedController.swift; sourceTree = "<group>"; };
		79052CAE28CB92E9001B1809 /* TweetCell.swift */ = {isa = PBXFileReference; fileEncoding = 4; lastKnownFileType = sourcecode.swift; path = TweetCell.swift; sourceTree = "<group>"; };
		79052CB028CB92E9001B1809 /* LoginController.swift */ = {isa = PBXFileReference; fileEncoding = 4; lastKnownFileType = sourcecode.swift; path = LoginController.swift; sourceTree = "<group>"; };
		79052CB128CB92E9001B1809 /* SignupController.swift */ = {isa = PBXFileReference; fileEncoding = 4; lastKnownFileType = sourcecode.swift; path = SignupController.swift; sourceTree = "<group>"; };
		79052CB328CB92E9001B1809 /* NotificationsController.swift */ = {isa = PBXFileReference; fileEncoding = 4; lastKnownFileType = sourcecode.swift; path = NotificationsController.swift; sourceTree = "<group>"; };
		79052CB528CB92E9001B1809 /* Constants.swift */ = {isa = PBXFileReference; fileEncoding = 4; lastKnownFileType = sourcecode.swift; path = Constants.swift; sourceTree = "<group>"; };
		79052CB728CB92E9001B1809 /* Extensions.swift */ = {isa = PBXFileReference; fileEncoding = 4; lastKnownFileType = sourcecode.swift; path = Extensions.swift; sourceTree = "<group>"; };
		79052CB828CB92E9001B1809 /* Protocols.swift */ = {isa = PBXFileReference; fileEncoding = 4; lastKnownFileType = sourcecode.swift; path = Protocols.swift; sourceTree = "<group>"; };
		79052CB928CB92E9001B1809 /* Components.swift */ = {isa = PBXFileReference; fileEncoding = 4; lastKnownFileType = sourcecode.swift; path = Components.swift; sourceTree = "<group>"; };
		7910B99628D3BFCA003069D1 /* ProfileFilter.swift */ = {isa = PBXFileReference; lastKnownFileType = sourcecode.swift; path = ProfileFilter.swift; sourceTree = "<group>"; };
		7963FFF928CFBF0D00C06EA8 /* TweetController.swift */ = {isa = PBXFileReference; fileEncoding = 4; lastKnownFileType = sourcecode.swift; path = TweetController.swift; sourceTree = "<group>"; };
		796F288E286A72B400F63B47 /* User.swift */ = {isa = PBXFileReference; lastKnownFileType = sourcecode.swift; path = User.swift; sourceTree = "<group>"; };
		79A49FEC28D104E500692955 /* ProfileHeader.swift */ = {isa = PBXFileReference; lastKnownFileType = sourcecode.swift; path = ProfileHeader.swift; sourceTree = "<group>"; };
		79DFA63228D4A67D00C0A524 /* ProfileFilterCell.swift */ = {isa = PBXFileReference; lastKnownFileType = sourcecode.swift; path = ProfileFilterCell.swift; sourceTree = "<group>"; };
		79E719B4287CE8AF002838B4 /* TweetViewModel.swift */ = {isa = PBXFileReference; lastKnownFileType = sourcecode.swift; path = TweetViewModel.swift; sourceTree = "<group>"; };
		79E744142840541C0029C0E2 /* twitter.app */ = {isa = PBXFileReference; explicitFileType = wrapper.application; includeInIndex = 0; path = twitter.app; sourceTree = BUILT_PRODUCTS_DIR; };
		79E744172840541C0029C0E2 /* AppDelegate.swift */ = {isa = PBXFileReference; lastKnownFileType = sourcecode.swift; path = AppDelegate.swift; sourceTree = "<group>"; };
		79E744202840541E0029C0E2 /* Assets.xcassets */ = {isa = PBXFileReference; lastKnownFileType = folder.assetcatalog; path = Assets.xcassets; sourceTree = "<group>"; };
		79E744232840541E0029C0E2 /* Base */ = {isa = PBXFileReference; lastKnownFileType = file.storyboard; name = Base; path = Base.lproj/LaunchScreen.storyboard; sourceTree = "<group>"; };
		79E744252840541E0029C0E2 /* Info.plist */ = {isa = PBXFileReference; lastKnownFileType = text.plist.xml; path = Info.plist; sourceTree = "<group>"; };
		79F3F58228660B5400EB7C5D /* AuthServices.swift */ = {isa = PBXFileReference; lastKnownFileType = sourcecode.swift; path = AuthServices.swift; sourceTree = "<group>"; };
		79F5AD722867DFB2000CD804 /* UserService.swift */ = {isa = PBXFileReference; lastKnownFileType = sourcecode.swift; path = UserService.swift; sourceTree = "<group>"; };
		CF64543997CDB15BAC6431EA /* Pods-twitter.debug.xcconfig */ = {isa = PBXFileReference; includeInIndex = 1; lastKnownFileType = text.xcconfig; name = "Pods-twitter.debug.xcconfig"; path = "Target Support Files/Pods-twitter/Pods-twitter.debug.xcconfig"; sourceTree = "<group>"; };
		E9B84E6E67D7549F6023ED45 /* Pods_twitter.framework */ = {isa = PBXFileReference; explicitFileType = wrapper.framework; includeInIndex = 0; path = Pods_twitter.framework; sourceTree = BUILT_PRODUCTS_DIR; };
/* End PBXFileReference section */

/* Begin PBXFrameworksBuildPhase section */
		79E744112840541C0029C0E2 /* Frameworks */ = {
			isa = PBXFrameworksBuildPhase;
			buildActionMask = 2147483647;
			files = (
				1A49BCCADEE7EA4D83F07E14 /* Pods_twitter.framework in Frameworks */,
			);
			runOnlyForDeploymentPostprocessing = 0;
		};
/* End PBXFrameworksBuildPhase section */

/* Begin PBXGroup section */
		6187D65870DB9B352323F532 /* Frameworks */ = {
			isa = PBXGroup;
			children = (
				E9B84E6E67D7549F6023ED45 /* Pods_twitter.framework */,
			);
			name = Frameworks;
			sourceTree = "<group>";
		};
		79052CA028CB92E9001B1809 /* Features */ = {
			isa = PBXGroup;
			children = (
				79052CAF28CB92E9001B1809 /* Authentication */,
				79052CA628CB92E9001B1809 /* TabBar */,
				79052CAC28CB92E9001B1809 /* Feed */,
				79052CCB28CBAEB3001B1809 /* Tweet */,
				79052CAA28CB92E9001B1809 /* Profile */,
				79052CA428CB92E9001B1809 /* Messages */,
				79052CA828CB92E9001B1809 /* Explore */,
				79052CB228CB92E9001B1809 /* Notifications */,
			);
			path = Features;
			sourceTree = "<group>";
		};
		79052CA428CB92E9001B1809 /* Messages */ = {
			isa = PBXGroup;
			children = (
				79052CA528CB92E9001B1809 /* MessagesController.swift */,
			);
			path = Messages;
			sourceTree = "<group>";
		};
		79052CA628CB92E9001B1809 /* TabBar */ = {
			isa = PBXGroup;
			children = (
				79052CA728CB92E9001B1809 /* MainTabBarController.swift */,
			);
			path = TabBar;
			sourceTree = "<group>";
		};
		79052CA828CB92E9001B1809 /* Explore */ = {
			isa = PBXGroup;
			children = (
				79052CA928CB92E9001B1809 /* ExploreController.swift */,
			);
			path = Explore;
			sourceTree = "<group>";
		};
		79052CAA28CB92E9001B1809 /* Profile */ = {
			isa = PBXGroup;
			children = (
				79A49FEC28D104E500692955 /* ProfileHeader.swift */,
				79052CAB28CB92E9001B1809 /* ProfileController.swift */,
				7910B99628D3BFCA003069D1 /* ProfileFilter.swift */,
				79DFA63228D4A67D00C0A524 /* ProfileFilterCell.swift */,
			);
			path = Profile;
			sourceTree = "<group>";
		};
		79052CAC28CB92E9001B1809 /* Feed */ = {
			isa = PBXGroup;
			children = (
				79052CAE28CB92E9001B1809 /* TweetCell.swift */,
				79052CAD28CB92E9001B1809 /* FeedController.swift */,
			);
			path = Feed;
			sourceTree = "<group>";
		};
		79052CAF28CB92E9001B1809 /* Authentication */ = {
			isa = PBXGroup;
			children = (
				79052CB028CB92E9001B1809 /* LoginController.swift */,
				79052CB128CB92E9001B1809 /* SignupController.swift */,
			);
			path = Authentication;
			sourceTree = "<group>";
		};
		79052CB228CB92E9001B1809 /* Notifications */ = {
			isa = PBXGroup;
			children = (
				79052CB328CB92E9001B1809 /* NotificationsController.swift */,
			);
			path = Notifications;
			sourceTree = "<group>";
		};
		79052CB428CB92E9001B1809 /* Shared */ = {
			isa = PBXGroup;
			children = (
				79052CB528CB92E9001B1809 /* Constants.swift */,
				79052CB728CB92E9001B1809 /* Extensions.swift */,
				79052CB828CB92E9001B1809 /* Protocols.swift */,
				79052CB928CB92E9001B1809 /* Components.swift */,
			);
			path = Shared;
			sourceTree = "<group>";
		};
		79052CCB28CBAEB3001B1809 /* Tweet */ = {
			isa = PBXGroup;
			children = (
				7963FFF928CFBF0D00C06EA8 /* TweetController.swift */,
				79052CA228CB92E9001B1809 /* UploadTweetController.swift */,
			);
			path = Tweet;
			sourceTree = "<group>";
		};
		795F7FBB286A724800AC3342 /* Models */ = {
			isa = PBXGroup;
			children = (
				796F288E286A72B400F63B47 /* User.swift */,
				7902B4B22874E72C00C6862C /* Tweet.swift */,
			);
			path = Models;
			sourceTree = "<group>";
		};
		7966AAAE287CE88D0076C36C /* ViewModels */ = {
			isa = PBXGroup;
			children = (
				79E719B4287CE8AF002838B4 /* TweetViewModel.swift */,
			);
			path = ViewModels;
			sourceTree = "<group>";
		};
		79E7440B2840541C0029C0E2 = {
			isa = PBXGroup;
			children = (
				79E744162840541C0029C0E2 /* twitter */,
				79E744152840541C0029C0E2 /* Products */,
				C6062897FECA4115B4F0C1EE /* Pods */,
				6187D65870DB9B352323F532 /* Frameworks */,
			);
			sourceTree = "<group>";
		};
		79E744152840541C0029C0E2 /* Products */ = {
			isa = PBXGroup;
			children = (
				79E744142840541C0029C0E2 /* twitter.app */,
			);
			name = Products;
			sourceTree = "<group>";
		};
		79E744162840541C0029C0E2 /* twitter */ = {
			isa = PBXGroup;
			children = (
				7903EFD428AE6A9C00B9E85D /* GoogleService-Info.plist */,
				79E744252840541E0029C0E2 /* Info.plist */,
				79E744202840541E0029C0E2 /* Assets.xcassets */,
				79E744222840541E0029C0E2 /* LaunchScreen.storyboard */,
				79E744172840541C0029C0E2 /* AppDelegate.swift */,
				79052CB428CB92E9001B1809 /* Shared */,
				79F3F58128660B3B00EB7C5D /* Services */,
				795F7FBB286A724800AC3342 /* Models */,
				7966AAAE287CE88D0076C36C /* ViewModels */,
				79052CA028CB92E9001B1809 /* Features */,
			);
			path = twitter;
			sourceTree = "<group>";
		};
		79F3F58128660B3B00EB7C5D /* Services */ = {
			isa = PBXGroup;
			children = (
				79F3F58228660B5400EB7C5D /* AuthServices.swift */,
				79F5AD722867DFB2000CD804 /* UserService.swift */,
				7902B4B42874E7EC00C6862C /* TweetService.swift */,
			);
			path = Services;
			sourceTree = "<group>";
		};
		C6062897FECA4115B4F0C1EE /* Pods */ = {
			isa = PBXGroup;
			children = (
				CF64543997CDB15BAC6431EA /* Pods-twitter.debug.xcconfig */,
				351D12720BF23784675A72DF /* Pods-twitter.release.xcconfig */,
			);
			path = Pods;
			sourceTree = "<group>";
		};
/* End PBXGroup section */

/* Begin PBXNativeTarget section */
		79E744132840541C0029C0E2 /* twitter */ = {
			isa = PBXNativeTarget;
			buildConfigurationList = 79E744282840541E0029C0E2 /* Build configuration list for PBXNativeTarget "twitter" */;
			buildPhases = (
				31DCD4BBEF09FD81D9703ED8 /* [CP] Check Pods Manifest.lock */,
				79E744102840541C0029C0E2 /* Sources */,
				79E744112840541C0029C0E2 /* Frameworks */,
				79E744122840541C0029C0E2 /* Resources */,
				B3FECAB5AD5055EDACE50079 /* [CP] Embed Pods Frameworks */,
			);
			buildRules = (
			);
			dependencies = (
			);
			name = twitter;
			productName = twitter;
			productReference = 79E744142840541C0029C0E2 /* twitter.app */;
			productType = "com.apple.product-type.application";
		};
/* End PBXNativeTarget section */

/* Begin PBXProject section */
		79E7440C2840541C0029C0E2 /* Project object */ = {
			isa = PBXProject;
			attributes = {
				BuildIndependentTargetsInParallel = 1;
				LastSwiftUpdateCheck = 1340;
				LastUpgradeCheck = 1340;
				TargetAttributes = {
					79E744132840541C0029C0E2 = {
						CreatedOnToolsVersion = 13.4;
					};
				};
			};
			buildConfigurationList = 79E7440F2840541C0029C0E2 /* Build configuration list for PBXProject "twitter" */;
			compatibilityVersion = "Xcode 13.0";
			developmentRegion = en;
			hasScannedForEncodings = 0;
			knownRegions = (
				en,
				Base,
			);
			mainGroup = 79E7440B2840541C0029C0E2;
			productRefGroup = 79E744152840541C0029C0E2 /* Products */;
			projectDirPath = "";
			projectRoot = "";
			targets = (
				79E744132840541C0029C0E2 /* twitter */,
			);
		};
/* End PBXProject section */

/* Begin PBXResourcesBuildPhase section */
		79E744122840541C0029C0E2 /* Resources */ = {
			isa = PBXResourcesBuildPhase;
			buildActionMask = 2147483647;
			files = (
				79E744242840541E0029C0E2 /* LaunchScreen.storyboard in Resources */,
				79E744212840541E0029C0E2 /* Assets.xcassets in Resources */,
				7903EFD528AE6A9C00B9E85D /* GoogleService-Info.plist in Resources */,
			);
			runOnlyForDeploymentPostprocessing = 0;
		};
/* End PBXResourcesBuildPhase section */

/* Begin PBXShellScriptBuildPhase section */
		31DCD4BBEF09FD81D9703ED8 /* [CP] Check Pods Manifest.lock */ = {
			isa = PBXShellScriptBuildPhase;
			buildActionMask = 2147483647;
			files = (
			);
			inputFileListPaths = (
			);
			inputPaths = (
				"${PODS_PODFILE_DIR_PATH}/Podfile.lock",
				"${PODS_ROOT}/Manifest.lock",
			);
			name = "[CP] Check Pods Manifest.lock";
			outputFileListPaths = (
			);
			outputPaths = (
				"$(DERIVED_FILE_DIR)/Pods-twitter-checkManifestLockResult.txt",
			);
			runOnlyForDeploymentPostprocessing = 0;
			shellPath = /bin/sh;
			shellScript = "diff \"${PODS_PODFILE_DIR_PATH}/Podfile.lock\" \"${PODS_ROOT}/Manifest.lock\" > /dev/null\nif [ $? != 0 ] ; then\n    # print error to STDERR\n    echo \"error: The sandbox is not in sync with the Podfile.lock. Run 'pod install' or update your CocoaPods installation.\" >&2\n    exit 1\nfi\n# This output is used by Xcode 'outputs' to avoid re-running this script phase.\necho \"SUCCESS\" > \"${SCRIPT_OUTPUT_FILE_0}\"\n";
			showEnvVarsInLog = 0;
		};
		B3FECAB5AD5055EDACE50079 /* [CP] Embed Pods Frameworks */ = {
			isa = PBXShellScriptBuildPhase;
			buildActionMask = 2147483647;
			files = (
			);
			inputFileListPaths = (
				"${PODS_ROOT}/Target Support Files/Pods-twitter/Pods-twitter-frameworks-${CONFIGURATION}-input-files.xcfilelist",
			);
			name = "[CP] Embed Pods Frameworks";
			outputFileListPaths = (
				"${PODS_ROOT}/Target Support Files/Pods-twitter/Pods-twitter-frameworks-${CONFIGURATION}-output-files.xcfilelist",
			);
			runOnlyForDeploymentPostprocessing = 0;
			shellPath = /bin/sh;
			shellScript = "\"${PODS_ROOT}/Target Support Files/Pods-twitter/Pods-twitter-frameworks.sh\"\n";
			showEnvVarsInLog = 0;
		};
/* End PBXShellScriptBuildPhase section */

/* Begin PBXSourcesBuildPhase section */
		79E744102840541C0029C0E2 /* Sources */ = {
			isa = PBXSourcesBuildPhase;
			buildActionMask = 2147483647;
			files = (
				79052CBA28CB92E9001B1809 /* UploadTweetController.swift in Sources */,
				79052CC528CB92E9001B1809 /* Constants.swift in Sources */,
				79F5AD732867DFB2000CD804 /* UserService.swift in Sources */,
				79DFA63328D4A67D00C0A524 /* ProfileFilterCell.swift in Sources */,
				79052CBD28CB92E9001B1809 /* MainTabBarController.swift in Sources */,
				7902B4B32874E72C00C6862C /* Tweet.swift in Sources */,
				79052CBF28CB92E9001B1809 /* ProfileController.swift in Sources */,
				79052CC428CB92E9001B1809 /* NotificationsController.swift in Sources */,
				7963FFFA28CFBF0D00C06EA8 /* TweetController.swift in Sources */,
				79A49FED28D104E500692955 /* ProfileHeader.swift in Sources */,
				79052CBE28CB92E9001B1809 /* ExploreController.swift in Sources */,
				79052CC728CB92E9001B1809 /* Protocols.swift in Sources */,
				79E744182840541C0029C0E2 /* AppDelegate.swift in Sources */,
				79052CC328CB92E9001B1809 /* SignupController.swift in Sources */,
				79052CBC28CB92E9001B1809 /* MessagesController.swift in Sources */,
				79052CC828CB92E9001B1809 /* Components.swift in Sources */,
				79F3F58328660B5400EB7C5D /* AuthServices.swift in Sources */,
				796F288F286A72B400F63B47 /* User.swift in Sources */,
				79E719B5287CE8AF002838B4 /* TweetViewModel.swift in Sources */,
				79052CC628CB92E9001B1809 /* Extensions.swift in Sources */,
				79052CC128CB92E9001B1809 /* TweetCell.swift in Sources */,
				79052CC228CB92E9001B1809 /* LoginController.swift in Sources */,
				7902B4B52874E7EC00C6862C /* TweetService.swift in Sources */,
				79052CC028CB92E9001B1809 /* FeedController.swift in Sources */,
				7910B99728D3BFCB003069D1 /* ProfileFilter.swift in Sources */,
			);
			runOnlyForDeploymentPostprocessing = 0;
		};
/* End PBXSourcesBuildPhase section */

/* Begin PBXVariantGroup section */
		79E744222840541E0029C0E2 /* LaunchScreen.storyboard */ = {
			isa = PBXVariantGroup;
			children = (
				79E744232840541E0029C0E2 /* Base */,
			);
			name = LaunchScreen.storyboard;
			sourceTree = "<group>";
		};
/* End PBXVariantGroup section */

/* Begin XCBuildConfiguration section */
		79E744262840541E0029C0E2 /* Debug */ = {
			isa = XCBuildConfiguration;
			buildSettings = {
				ALWAYS_SEARCH_USER_PATHS = NO;
				CLANG_ANALYZER_NONNULL = YES;
				CLANG_ANALYZER_NUMBER_OBJECT_CONVERSION = YES_AGGRESSIVE;
				CLANG_CXX_LANGUAGE_STANDARD = "gnu++17";
				CLANG_ENABLE_MODULES = YES;
				CLANG_ENABLE_OBJC_ARC = YES;
				CLANG_ENABLE_OBJC_WEAK = YES;
				CLANG_WARN_BLOCK_CAPTURE_AUTORELEASING = YES;
				CLANG_WARN_BOOL_CONVERSION = YES;
				CLANG_WARN_COMMA = YES;
				CLANG_WARN_CONSTANT_CONVERSION = YES;
				CLANG_WARN_DEPRECATED_OBJC_IMPLEMENTATIONS = YES;
				CLANG_WARN_DIRECT_OBJC_ISA_USAGE = YES_ERROR;
				CLANG_WARN_DOCUMENTATION_COMMENTS = YES;
				CLANG_WARN_EMPTY_BODY = YES;
				CLANG_WARN_ENUM_CONVERSION = YES;
				CLANG_WARN_INFINITE_RECURSION = YES;
				CLANG_WARN_INT_CONVERSION = YES;
				CLANG_WARN_NON_LITERAL_NULL_CONVERSION = YES;
				CLANG_WARN_OBJC_IMPLICIT_RETAIN_SELF = YES;
				CLANG_WARN_OBJC_LITERAL_CONVERSION = YES;
				CLANG_WARN_OBJC_ROOT_CLASS = YES_ERROR;
				CLANG_WARN_QUOTED_INCLUDE_IN_FRAMEWORK_HEADER = YES;
				CLANG_WARN_RANGE_LOOP_ANALYSIS = YES;
				CLANG_WARN_STRICT_PROTOTYPES = YES;
				CLANG_WARN_SUSPICIOUS_MOVE = YES;
				CLANG_WARN_UNGUARDED_AVAILABILITY = YES_AGGRESSIVE;
				CLANG_WARN_UNREACHABLE_CODE = YES;
				CLANG_WARN__DUPLICATE_METHOD_MATCH = YES;
				COPY_PHASE_STRIP = NO;
				DEBUG_INFORMATION_FORMAT = dwarf;
				ENABLE_STRICT_OBJC_MSGSEND = YES;
				ENABLE_TESTABILITY = YES;
				GCC_C_LANGUAGE_STANDARD = gnu11;
				GCC_DYNAMIC_NO_PIC = NO;
				GCC_NO_COMMON_BLOCKS = YES;
				GCC_OPTIMIZATION_LEVEL = 0;
				GCC_PREPROCESSOR_DEFINITIONS = (
					"DEBUG=1",
					"$(inherited)",
				);
				GCC_WARN_64_TO_32_BIT_CONVERSION = YES;
				GCC_WARN_ABOUT_RETURN_TYPE = YES_ERROR;
				GCC_WARN_UNDECLARED_SELECTOR = YES;
				GCC_WARN_UNINITIALIZED_AUTOS = YES_AGGRESSIVE;
				GCC_WARN_UNUSED_FUNCTION = YES;
				GCC_WARN_UNUSED_VARIABLE = YES;
				IPHONEOS_DEPLOYMENT_TARGET = 15.5;
				MTL_ENABLE_DEBUG_INFO = INCLUDE_SOURCE;
				MTL_FAST_MATH = YES;
				ONLY_ACTIVE_ARCH = YES;
				SDKROOT = iphoneos;
				SWIFT_ACTIVE_COMPILATION_CONDITIONS = DEBUG;
				SWIFT_OPTIMIZATION_LEVEL = "-Onone";
			};
			name = Debug;
		};
		79E744272840541E0029C0E2 /* Release */ = {
			isa = XCBuildConfiguration;
			buildSettings = {
				ALWAYS_SEARCH_USER_PATHS = NO;
				CLANG_ANALYZER_NONNULL = YES;
				CLANG_ANALYZER_NUMBER_OBJECT_CONVERSION = YES_AGGRESSIVE;
				CLANG_CXX_LANGUAGE_STANDARD = "gnu++17";
				CLANG_ENABLE_MODULES = YES;
				CLANG_ENABLE_OBJC_ARC = YES;
				CLANG_ENABLE_OBJC_WEAK = YES;
				CLANG_WARN_BLOCK_CAPTURE_AUTORELEASING = YES;
				CLANG_WARN_BOOL_CONVERSION = YES;
				CLANG_WARN_COMMA = YES;
				CLANG_WARN_CONSTANT_CONVERSION = YES;
				CLANG_WARN_DEPRECATED_OBJC_IMPLEMENTATIONS = YES;
				CLANG_WARN_DIRECT_OBJC_ISA_USAGE = YES_ERROR;
				CLANG_WARN_DOCUMENTATION_COMMENTS = YES;
				CLANG_WARN_EMPTY_BODY = YES;
				CLANG_WARN_ENUM_CONVERSION = YES;
				CLANG_WARN_INFINITE_RECURSION = YES;
				CLANG_WARN_INT_CONVERSION = YES;
				CLANG_WARN_NON_LITERAL_NULL_CONVERSION = YES;
				CLANG_WARN_OBJC_IMPLICIT_RETAIN_SELF = YES;
				CLANG_WARN_OBJC_LITERAL_CONVERSION = YES;
				CLANG_WARN_OBJC_ROOT_CLASS = YES_ERROR;
				CLANG_WARN_QUOTED_INCLUDE_IN_FRAMEWORK_HEADER = YES;
				CLANG_WARN_RANGE_LOOP_ANALYSIS = YES;
				CLANG_WARN_STRICT_PROTOTYPES = YES;
				CLANG_WARN_SUSPICIOUS_MOVE = YES;
				CLANG_WARN_UNGUARDED_AVAILABILITY = YES_AGGRESSIVE;
				CLANG_WARN_UNREACHABLE_CODE = YES;
				CLANG_WARN__DUPLICATE_METHOD_MATCH = YES;
				COPY_PHASE_STRIP = NO;
				DEBUG_INFORMATION_FORMAT = "dwarf-with-dsym";
				ENABLE_NS_ASSERTIONS = NO;
				ENABLE_STRICT_OBJC_MSGSEND = YES;
				GCC_C_LANGUAGE_STANDARD = gnu11;
				GCC_NO_COMMON_BLOCKS = YES;
				GCC_WARN_64_TO_32_BIT_CONVERSION = YES;
				GCC_WARN_ABOUT_RETURN_TYPE = YES_ERROR;
				GCC_WARN_UNDECLARED_SELECTOR = YES;
				GCC_WARN_UNINITIALIZED_AUTOS = YES_AGGRESSIVE;
				GCC_WARN_UNUSED_FUNCTION = YES;
				GCC_WARN_UNUSED_VARIABLE = YES;
				IPHONEOS_DEPLOYMENT_TARGET = 15.5;
				MTL_ENABLE_DEBUG_INFO = NO;
				MTL_FAST_MATH = YES;
				SDKROOT = iphoneos;
				SWIFT_COMPILATION_MODE = wholemodule;
				SWIFT_OPTIMIZATION_LEVEL = "-O";
				VALIDATE_PRODUCT = YES;
			};
			name = Release;
		};
		79E744292840541E0029C0E2 /* Debug */ = {
			isa = XCBuildConfiguration;
			baseConfigurationReference = CF64543997CDB15BAC6431EA /* Pods-twitter.debug.xcconfig */;
			buildSettings = {
				ASSETCATALOG_COMPILER_APPICON_NAME = AppIcon;
				ASSETCATALOG_COMPILER_GLOBAL_ACCENT_COLOR_NAME = AccentColor;
				CODE_SIGN_STYLE = Automatic;
				CURRENT_PROJECT_VERSION = 1;
				DEVELOPMENT_TEAM = 73WHW284SL;
				GENERATE_INFOPLIST_FILE = YES;
				INFOPLIST_FILE = twitter/Info.plist;
				INFOPLIST_KEY_UIApplicationSupportsIndirectInputEvents = YES;
				INFOPLIST_KEY_UILaunchStoryboardName = LaunchScreen;
				INFOPLIST_KEY_UISupportedInterfaceOrientations_iPad = "UIInterfaceOrientationPortrait UIInterfaceOrientationPortraitUpsideDown UIInterfaceOrientationLandscapeLeft UIInterfaceOrientationLandscapeRight";
				INFOPLIST_KEY_UISupportedInterfaceOrientations_iPhone = "UIInterfaceOrientationPortrait UIInterfaceOrientationLandscapeLeft UIInterfaceOrientationLandscapeRight";
				LD_RUNPATH_SEARCH_PATHS = (
					"$(inherited)",
					"@executable_path/Frameworks",
				);
				MARKETING_VERSION = 1.0;
				PRODUCT_BUNDLE_IDENTIFIER = com.diegomontejano.twitter;
				PRODUCT_NAME = "$(TARGET_NAME)";
				SWIFT_EMIT_LOC_STRINGS = YES;
				SWIFT_VERSION = 5.0;
				TARGETED_DEVICE_FAMILY = 1;
			};
			name = Debug;
		};
		79E7442A2840541E0029C0E2 /* Release */ = {
			isa = XCBuildConfiguration;
			baseConfigurationReference = 351D12720BF23784675A72DF /* Pods-twitter.release.xcconfig */;
			buildSettings = {
				ASSETCATALOG_COMPILER_APPICON_NAME = AppIcon;
				ASSETCATALOG_COMPILER_GLOBAL_ACCENT_COLOR_NAME = AccentColor;
				CODE_SIGN_STYLE = Automatic;
				CURRENT_PROJECT_VERSION = 1;
				DEVELOPMENT_TEAM = 73WHW284SL;
				GENERATE_INFOPLIST_FILE = YES;
				INFOPLIST_FILE = twitter/Info.plist;
				INFOPLIST_KEY_UIApplicationSupportsIndirectInputEvents = YES;
				INFOPLIST_KEY_UILaunchStoryboardName = LaunchScreen;
				INFOPLIST_KEY_UISupportedInterfaceOrientations_iPad = "UIInterfaceOrientationPortrait UIInterfaceOrientationPortraitUpsideDown UIInterfaceOrientationLandscapeLeft UIInterfaceOrientationLandscapeRight";
				INFOPLIST_KEY_UISupportedInterfaceOrientations_iPhone = "UIInterfaceOrientationPortrait UIInterfaceOrientationLandscapeLeft UIInterfaceOrientationLandscapeRight";
				LD_RUNPATH_SEARCH_PATHS = (
					"$(inherited)",
					"@executable_path/Frameworks",
				);
				MARKETING_VERSION = 1.0;
				PRODUCT_BUNDLE_IDENTIFIER = com.diegomontejano.twitter;
				PRODUCT_NAME = "$(TARGET_NAME)";
				SWIFT_EMIT_LOC_STRINGS = YES;
				SWIFT_VERSION = 5.0;
				TARGETED_DEVICE_FAMILY = 1;
			};
			name = Release;
		};
/* End XCBuildConfiguration section */

/* Begin XCConfigurationList section */
		79E7440F2840541C0029C0E2 /* Build configuration list for PBXProject "twitter" */ = {
			isa = XCConfigurationList;
			buildConfigurations = (
				79E744262840541E0029C0E2 /* Debug */,
				79E744272840541E0029C0E2 /* Release */,
			);
			defaultConfigurationIsVisible = 0;
			defaultConfigurationName = Release;
		};
		79E744282840541E0029C0E2 /* Build configuration list for PBXNativeTarget "twitter" */ = {
			isa = XCConfigurationList;
			buildConfigurations = (
				79E744292840541E0029C0E2 /* Debug */,
				79E7442A2840541E0029C0E2 /* Release */,
			);
			defaultConfigurationIsVisible = 0;
			defaultConfigurationName = Release;
		};
/* End XCConfigurationList section */
	};
	rootObject = 79E7440C2840541C0029C0E2 /* Project object */;
}
